
Microsoft Visual Studio Solution File, Format Version 12.00
# Visual Studio Version 17
VisualStudioVersion = 17.14.36414.22 d17.14
MinimumVisualStudioVersion = 10.0.40219.1
Project("{FAE04EC0-301F-11D3-BF4B-00C04F79EFBC}") = "Opx.Blazor.Maui.Tools", "src\Opx.Blazor.Maui.Tools.csproj", "{DC436E1C-9DAD-1FF7-6951-EF479F7EEB60}"
EndProject
Global
	GlobalSection(SolutionConfigurationPlatforms) = preSolution
		Debug|Any CPU = Debug|Any CPU
		Release|Any CPU = Release|Any CPU
	EndGlobalSection
	GlobalSection(ProjectConfigurationPlatforms) = postSolution
		{DC436E1C-9DAD-1FF7-6951-EF479F7EEB60}.Debug|Any CPU.ActiveCfg = Debug|Any CPU
		{DC436E1C-9DAD-1FF7-6951-EF479F7EEB60}.Debug|Any CPU.Build.0 = Debug|Any CPU
		{DC436E1C-9DAD-1FF7-6951-EF479F7EEB60}.Release|Any CPU.ActiveCfg = Release|Any CPU
		{DC436E1C-9DAD-1FF7-6951-EF479F7EEB60}.Release|Any CPU.Build.0 = Release|Any CPU
	EndGlobalSection
	GlobalSection(SolutionProperties) = preSolution
		HideSolutionNode = FALSE
	EndGlobalSection
	GlobalSection(ExtensibilityGlobals) = postSolution
		SolutionGuid = {98FE0DA0-81F3-49BD-BE01-6449AA0E5DC4}
	EndGlobalSection
EndGlobal
